# This file is automatically @generated by Cargo.
# It is not intended for manual editing.
version = 4

[[package]]
name = "ecosystem-ai-runtime"
version = "0.1.0"

[[package]]
name = "ecosystem-ai-shared"
version = "0.1.0"

[[package]]
name = "ecosystem-ai-training"
version = "0.1.0"

[[package]]
name = "ecosystem-app"
version = "0.1.0"

[[package]]
name = "ecosystem-components"
version = "0.1.0"

[[package]]
name = "ecosystem-physics"
version = "0.1.0"

[[package]]
name = "ecosystem-rendering"
version = "0.1.0"
